
Microsoft Visual Studio Solution File, Format Version 12.00
Project("{FAE04EC0-301F-11D3-BF4B-00C04F79EFBC}") = "MySolutionSafeteefy", "MySolutionSafeteefy\MySolutionSafeteefy.csproj", "{B95B38FA-8420-4787-8E45-75C5B34C765A}"
EndProject
Global
	GlobalSection(SolutionConfigurationPlatforms) = preSolution
		Debug|Any CPU = Debug|Any CPU
		Release|Any CPU = Release|Any CPU
	EndGlobalSection
	GlobalSection(ProjectConfigurationPlatforms) = postSolution
		{B95B38FA-8420-4787-8E45-75C5B34C765A}.Debug|Any CPU.ActiveCfg = Debug|Any CPU
		{B95B38FA-8420-4787-8E45-75C5B34C765A}.Debug|Any CPU.Build.0 = Debug|Any CPU
		{B95B38FA-8420-4787-8E45-75C5B34C765A}.Release|Any CPU.ActiveCfg = Release|Any CPU
		{B95B38FA-8420-4787-8E45-75C5B34C765A}.Release|Any CPU.Build.0 = Release|Any CPU
	EndGlobalSection
EndGlobal
